
Microsoft Visual Studio Solution File, Format Version 12.00
Project("{FAE04EC0-301F-11D3-BF4B-00C04F79EFBC}") = "MessierCatalogue", "MessierCatalogue\MessierCatalogue.csproj", "{C1A17D2C-80FC-4B5F-8B3A-5AB37F482DA7}"
EndProject
Global
	GlobalSection(SolutionConfigurationPlatforms) = preSolution
		Debug|Any CPU = Debug|Any CPU
		Release|Any CPU = Release|Any CPU
	EndGlobalSection
	GlobalSection(ProjectConfigurationPlatforms) = postSolution
		{C1A17D2C-80FC-4B5F-8B3A-5AB37F482DA7}.Debug|Any CPU.ActiveCfg = Debug|Any CPU
		{C1A17D2C-80FC-4B5F-8B3A-5AB37F482DA7}.Debug|Any CPU.Build.0 = Debug|Any CPU
		{C1A17D2C-80FC-4B5F-8B3A-5AB37F482DA7}.Release|Any CPU.ActiveCfg = Release|Any CPU
		{C1A17D2C-80FC-4B5F-8B3A-5AB37F482DA7}.Release|Any CPU.Build.0 = Release|Any CPU
	EndGlobalSection
EndGlobal
